
Microsoft Visual Studio Solution File, Format Version 12.00
# Visual Studio Version 17
VisualStudioVersion = 17.0.31903.59
MinimumVisualStudioVersion = 10.0.40219.1
Project("{FAE04EC0-301F-11D3-BF4B-00C04F79EFBC}") = "Proj. Acesso", "Proj. Acesso\Proj. Acesso.csproj", "{0A86EA45-E6A0-4F63-8149-DEB320F3D1CC}"
EndProject
Global
	GlobalSection(SolutionConfigurationPlatforms) = preSolution
		Debug|Any CPU = Debug|Any CPU
		Release|Any CPU = Release|Any CPU
	EndGlobalSection
	GlobalSection(SolutionProperties) = preSolution
		HideSolutionNode = FALSE
	EndGlobalSection
	GlobalSection(ProjectConfigurationPlatforms) = postSolution
		{0A86EA45-E6A0-4F63-8149-DEB320F3D1CC}.Debug|Any CPU.ActiveCfg = Debug|Any CPU
		{0A86EA45-E6A0-4F63-8149-DEB320F3D1CC}.Debug|Any CPU.Build.0 = Debug|Any CPU
		{0A86EA45-E6A0-4F63-8149-DEB320F3D1CC}.Release|Any CPU.ActiveCfg = Release|Any CPU
		{0A86EA45-E6A0-4F63-8149-DEB320F3D1CC}.Release|Any CPU.Build.0 = Release|Any CPU
	EndGlobalSection
EndGlobal
